// !$*UTF8*$!
{
	archiveVersion = 1;
	classes = {
	};
	objectVersion = 50;
	objects = {

/* Begin PBXBuildFile section */
		B5137D3025F790EB00E265E0 /* ImageCollectionViewCell.swift in Sources */ = {isa = PBXBuildFile; fileRef = B5137D2F25F790EB00E265E0 /* ImageCollectionViewCell.swift */; };
		B5184F1E241CD21800C7931F /* SpaceXLaunch.swift in Sources */ = {isa = PBXBuildFile; fileRef = B5184F1D241CD21800C7931F /* SpaceXLaunch.swift */; };
		B5184F20241CD6D600C7931F /* SpaceXLaunchRocket.swift in Sources */ = {isa = PBXBuildFile; fileRef = B5184F1F241CD6D600C7931F /* SpaceXLaunchRocket.swift */; };
		B5184F22241CD7A200C7931F /* SpaceXLaunchRocketFirstStage.swift in Sources */ = {isa = PBXBuildFile; fileRef = B5184F21241CD7A200C7931F /* SpaceXLaunchRocketFirstStage.swift */; };
		B5184F24241CD80500C7931F /* SpaceXLaunchRocketFirstStageCore.swift in Sources */ = {isa = PBXBuildFile; fileRef = B5184F23241CD80500C7931F /* SpaceXLaunchRocketFirstStageCore.swift */; };
		B5184F26241CDA1F00C7931F /* SpaceXLaunchRocketSecondStage.swift in Sources */ = {isa = PBXBuildFile; fileRef = B5184F25241CDA1F00C7931F /* SpaceXLaunchRocketSecondStage.swift */; };
		B5184F28241CDA9C00C7931F /* SpaceXLaunchRocketSecondStagePayload.swift in Sources */ = {isa = PBXBuildFile; fileRef = B5184F27241CDA9C00C7931F /* SpaceXLaunchRocketSecondStagePayload.swift */; };
		B5184F2A241CDC3100C7931F /* SpaceXLaunchRocketSecondStagePayloadOrbitParams.swift in Sources */ = {isa = PBXBuildFile; fileRef = B5184F29241CDC3100C7931F /* SpaceXLaunchRocketSecondStagePayloadOrbitParams.swift */; };
		B5184F2C241CDF6000C7931F /* SpaceXLaunchRocketFairings.swift in Sources */ = {isa = PBXBuildFile; fileRef = B5184F2B241CDF6000C7931F /* SpaceXLaunchRocketFairings.swift */; };
		B5184F2E241CE09900C7931F /* SpaceXLaunchTelemetry.swift in Sources */ = {isa = PBXBuildFile; fileRef = B5184F2D241CE09900C7931F /* SpaceXLaunchTelemetry.swift */; };
		B5184F30241CE12500C7931F /* SpaceXLaunchSite.swift in Sources */ = {isa = PBXBuildFile; fileRef = B5184F2F241CE12500C7931F /* SpaceXLaunchSite.swift */; };
		B5184F32241CE20200C7931F /* SpaceXLaunchLinks.swift in Sources */ = {isa = PBXBuildFile; fileRef = B5184F31241CE20200C7931F /* SpaceXLaunchLinks.swift */; };
		B5184F34241CE45A00C7931F /* SpaceXLaunchTimeline.swift in Sources */ = {isa = PBXBuildFile; fileRef = B5184F33241CE45A00C7931F /* SpaceXLaunchTimeline.swift */; };
		B5184F3C241D44A300C7931F /* APIManager.swift in Sources */ = {isa = PBXBuildFile; fileRef = B5184F3B241D44A300C7931F /* APIManager.swift */; };
		B5184F40241D4DFC00C7931F /* SpaceXAPIData.swift in Sources */ = {isa = PBXBuildFile; fileRef = B5184F3F241D4DFC00C7931F /* SpaceXAPIData.swift */; };
		B5184F44241D816C00C7931F /* LaunchPreviewCollectionViewCell.swift in Sources */ = {isa = PBXBuildFile; fileRef = B5184F43241D816C00C7931F /* LaunchPreviewCollectionViewCell.swift */; };
		B5184F4B241E5F5700C7931F /* DetailedInfoLabel.swift in Sources */ = {isa = PBXBuildFile; fileRef = B5184F4A241E5F5700C7931F /* DetailedInfoLabel.swift */; };
		B5184F4D241E7ED100C7931F /* SpaceXGetLaunchesURL.swift in Sources */ = {isa = PBXBuildFile; fileRef = B5184F4C241E7ED100C7931F /* SpaceXGetLaunchesURL.swift */; };
		B5184F50241EBB7A00C7931F /* DateFormats.swift in Sources */ = {isa = PBXBuildFile; fileRef = B5184F4F241EBB7A00C7931F /* DateFormats.swift */; };
		B5184F53241ECF4700C7931F /* DetailedLaunchInformationViewController.swift in Sources */ = {isa = PBXBuildFile; fileRef = B5184F52241ECF4700C7931F /* DetailedLaunchInformationViewController.swift */; };
		B5184F57241F727D00C7931F /* UIView + Extension.swift in Sources */ = {isa = PBXBuildFile; fileRef = B5184F56241F727D00C7931F /* UIView + Extension.swift */; };
		B5184F59241F772400C7931F /* Date + Extension.swift in Sources */ = {isa = PBXBuildFile; fileRef = B5184F58241F772400C7931F /* Date + Extension.swift */; };
		B5184F5C241F79DE00C7931F /* LaunchInfoTableViewCell.swift in Sources */ = {isa = PBXBuildFile; fileRef = B5184F5B241F79DE00C7931F /* LaunchInfoTableViewCell.swift */; };
		B569B52725D7D3DB0021B11D /* SpaceXRocket.swift in Sources */ = {isa = PBXBuildFile; fileRef = B569B52625D7D3DB0021B11D /* SpaceXRocket.swift */; };
		B569B52A25D7D73B0021B11D /* SpaceXRocketSize.swift in Sources */ = {isa = PBXBuildFile; fileRef = B569B52925D7D73B0021B11D /* SpaceXRocketSize.swift */; };
		B569B52D25D7D7700021B11D /* SpaceXRocketMass.swift in Sources */ = {isa = PBXBuildFile; fileRef = B569B52C25D7D7700021B11D /* SpaceXRocketMass.swift */; };
		B569B53025D7D79F0021B11D /* SpaceXRocketFirstStage.swift in Sources */ = {isa = PBXBuildFile; fileRef = B569B52F25D7D79F0021B11D /* SpaceXRocketFirstStage.swift */; };
		B569B53325D7D8FA0021B11D /* SpaceXRocketThrust.swift in Sources */ = {isa = PBXBuildFile; fileRef = B569B53225D7D8FA0021B11D /* SpaceXRocketThrust.swift */; };
		B569B53625D7D9A60021B11D /* SpaceXRocketSecondStage.swift in Sources */ = {isa = PBXBuildFile; fileRef = B569B53525D7D9A60021B11D /* SpaceXRocketSecondStage.swift */; };
		B569B53925D7DB4B0021B11D /* SpaceXRocketSecondStagePayloads.swift in Sources */ = {isa = PBXBuildFile; fileRef = B569B53825D7DB4B0021B11D /* SpaceXRocketSecondStagePayloads.swift */; };
		B569B53C25D7DBE20021B11D /* SpaceXRocketSecondStagePaylodsCompositeFairings.swift in Sources */ = {isa = PBXBuildFile; fileRef = B569B53B25D7DBE20021B11D /* SpaceXRocketSecondStagePaylodsCompositeFairings.swift */; };
		B569B53F25D7DCD60021B11D /* SpaceXRocketEngines.swift in Sources */ = {isa = PBXBuildFile; fileRef = B569B53E25D7DCD60021B11D /* SpaceXRocketEngines.swift */; };
		B569B54225D7DEB80021B11D /* SpaceXRocketEnginesISP.swift in Sources */ = {isa = PBXBuildFile; fileRef = B569B54125D7DEB80021B11D /* SpaceXRocketEnginesISP.swift */; };
		B569B54525D7DF1D0021B11D /* SpaceXRocketLandingLegs.swift in Sources */ = {isa = PBXBuildFile; fileRef = B569B54425D7DF1D0021B11D /* SpaceXRocketLandingLegs.swift */; };
		B569B54825D7DF580021B11D /* SpaceXRocketPayloadWeight.swift in Sources */ = {isa = PBXBuildFile; fileRef = B569B54725D7DF580021B11D /* SpaceXRocketPayloadWeight.swift */; };
		B56BF485242142EE00A0EF03 /* SpaceXDataProvider.swift in Sources */ = {isa = PBXBuildFile; fileRef = B56BF484242142EE00A0EF03 /* SpaceXDataProvider.swift */; };
		B58D7D51260127B000F3E861 /* TextCollectionViewCell.swift in Sources */ = {isa = PBXBuildFile; fileRef = B58D7D50260127B000F3E861 /* TextCollectionViewCell.swift */; };
		B58D7D56260200F900F3E861 /* RocketSizeCollectionViewCell.swift in Sources */ = {isa = PBXBuildFile; fileRef = B58D7D55260200F900F3E861 /* RocketSizeCollectionViewCell.swift */; };
		B5A8823925CD6408008D1047 /* RocketPreviewCollectionViewCell.swift in Sources */ = {isa = PBXBuildFile; fileRef = B5A8823825CD6408008D1047 /* RocketPreviewCollectionViewCell.swift */; };
		B5AE8C6325D7FD1500B3A84E /* PaddingLabel.swift in Sources */ = {isa = PBXBuildFile; fileRef = B5AE8C6225D7FD1500B3A84E /* PaddingLabel.swift */; };
		B5E10F7D25EFACE200854561 /* RocketDetailsViewController.swift in Sources */ = {isa = PBXBuildFile; fileRef = B5E10F7C25EFACE100854561 /* RocketDetailsViewController.swift */; };
		B5E6ED3F25CAA5BD00F5D4E0 /* RocketsViewController.swift in Sources */ = {isa = PBXBuildFile; fileRef = B5E6ED3E25CAA5BD00F5D4E0 /* RocketsViewController.swift */; };
		B5F9F795241C0F8C00CADA76 /* AppDelegate.swift in Sources */ = {isa = PBXBuildFile; fileRef = B5F9F794241C0F8C00CADA76 /* AppDelegate.swift */; };
		B5F9F797241C0F8C00CADA76 /* SceneDelegate.swift in Sources */ = {isa = PBXBuildFile; fileRef = B5F9F796241C0F8C00CADA76 /* SceneDelegate.swift */; };
		B5F9F799241C0F8C00CADA76 /* LaunchesViewController.swift in Sources */ = {isa = PBXBuildFile; fileRef = B5F9F798241C0F8C00CADA76 /* LaunchesViewController.swift */; };
		B5F9F79E241C0F8F00CADA76 /* Assets.xcassets in Resources */ = {isa = PBXBuildFile; fileRef = B5F9F79D241C0F8F00CADA76 /* Assets.xcassets */; };
		B5F9F7A1241C0F8F00CADA76 /* LaunchScreen.storyboard in Resources */ = {isa = PBXBuildFile; fileRef = B5F9F79F241C0F8F00CADA76 /* LaunchScreen.storyboard */; };
/* End PBXBuildFile section */

/* Begin PBXFileReference section */
		B5137D2F25F790EB00E265E0 /* ImageCollectionViewCell.swift */ = {isa = PBXFileReference; lastKnownFileType = sourcecode.swift; path = ImageCollectionViewCell.swift; sourceTree = "<group>"; };
		B5184F1D241CD21800C7931F /* SpaceXLaunch.swift */ = {isa = PBXFileReference; lastKnownFileType = sourcecode.swift; path = SpaceXLaunch.swift; sourceTree = "<group>"; };
		B5184F1F241CD6D600C7931F /* SpaceXLaunchRocket.swift */ = {isa = PBXFileReference; lastKnownFileType = sourcecode.swift; path = SpaceXLaunchRocket.swift; sourceTree = "<group>"; };
		B5184F21241CD7A200C7931F /* SpaceXLaunchRocketFirstStage.swift */ = {isa = PBXFileReference; lastKnownFileType = sourcecode.swift; path = SpaceXLaunchRocketFirstStage.swift; sourceTree = "<group>"; };
		B5184F23241CD80500C7931F /* SpaceXLaunchRocketFirstStageCore.swift */ = {isa = PBXFileReference; lastKnownFileType = sourcecode.swift; path = SpaceXLaunchRocketFirstStageCore.swift; sourceTree = "<group>"; };
		B5184F25241CDA1F00C7931F /* SpaceXLaunchRocketSecondStage.swift */ = {isa = PBXFileReference; lastKnownFileType = sourcecode.swift; path = SpaceXLaunchRocketSecondStage.swift; sourceTree = "<group>"; };
		B5184F27241CDA9C00C7931F /* SpaceXLaunchRocketSecondStagePayload.swift */ = {isa = PBXFileReference; lastKnownFileType = sourcecode.swift; path = SpaceXLaunchRocketSecondStagePayload.swift; sourceTree = "<group>"; };
		B5184F29241CDC3100C7931F /* SpaceXLaunchRocketSecondStagePayloadOrbitParams.swift */ = {isa = PBXFileReference; lastKnownFileType = sourcecode.swift; path = SpaceXLaunchRocketSecondStagePayloadOrbitParams.swift; sourceTree = "<group>"; };
		B5184F2B241CDF6000C7931F /* SpaceXLaunchRocketFairings.swift */ = {isa = PBXFileReference; lastKnownFileType = sourcecode.swift; path = SpaceXLaunchRocketFairings.swift; sourceTree = "<group>"; };
		B5184F2D241CE09900C7931F /* SpaceXLaunchTelemetry.swift */ = {isa = PBXFileReference; lastKnownFileType = sourcecode.swift; path = SpaceXLaunchTelemetry.swift; sourceTree = "<group>"; };
		B5184F2F241CE12500C7931F /* SpaceXLaunchSite.swift */ = {isa = PBXFileReference; lastKnownFileType = sourcecode.swift; path = SpaceXLaunchSite.swift; sourceTree = "<group>"; };
		B5184F31241CE20200C7931F /* SpaceXLaunchLinks.swift */ = {isa = PBXFileReference; lastKnownFileType = sourcecode.swift; path = SpaceXLaunchLinks.swift; sourceTree = "<group>"; };
		B5184F33241CE45A00C7931F /* SpaceXLaunchTimeline.swift */ = {isa = PBXFileReference; lastKnownFileType = sourcecode.swift; path = SpaceXLaunchTimeline.swift; sourceTree = "<group>"; };
		B5184F3B241D44A300C7931F /* APIManager.swift */ = {isa = PBXFileReference; lastKnownFileType = sourcecode.swift; path = APIManager.swift; sourceTree = "<group>"; };
		B5184F3F241D4DFC00C7931F /* SpaceXAPIData.swift */ = {isa = PBXFileReference; lastKnownFileType = sourcecode.swift; path = SpaceXAPIData.swift; sourceTree = "<group>"; };
		B5184F43241D816C00C7931F /* LaunchPreviewCollectionViewCell.swift */ = {isa = PBXFileReference; lastKnownFileType = sourcecode.swift; path = LaunchPreviewCollectionViewCell.swift; sourceTree = "<group>"; };
		B5184F4A241E5F5700C7931F /* DetailedInfoLabel.swift */ = {isa = PBXFileReference; lastKnownFileType = sourcecode.swift; path = DetailedInfoLabel.swift; sourceTree = "<group>"; };
		B5184F4C241E7ED100C7931F /* SpaceXGetLaunchesURL.swift */ = {isa = PBXFileReference; lastKnownFileType = sourcecode.swift; path = SpaceXGetLaunchesURL.swift; sourceTree = "<group>"; };
		B5184F4F241EBB7A00C7931F /* DateFormats.swift */ = {isa = PBXFileReference; lastKnownFileType = sourcecode.swift; path = DateFormats.swift; sourceTree = "<group>"; };
		B5184F52241ECF4700C7931F /* DetailedLaunchInformationViewController.swift */ = {isa = PBXFileReference; lastKnownFileType = sourcecode.swift; path = DetailedLaunchInformationViewController.swift; sourceTree = "<group>"; };
		B5184F56241F727D00C7931F /* UIView + Extension.swift */ = {isa = PBXFileReference; lastKnownFileType = sourcecode.swift; path = "UIView + Extension.swift"; sourceTree = "<group>"; };
		B5184F58241F772400C7931F /* Date + Extension.swift */ = {isa = PBXFileReference; lastKnownFileType = sourcecode.swift; path = "Date + Extension.swift"; sourceTree = "<group>"; };
		B5184F5B241F79DE00C7931F /* LaunchInfoTableViewCell.swift */ = {isa = PBXFileReference; lastKnownFileType = sourcecode.swift; path = LaunchInfoTableViewCell.swift; sourceTree = "<group>"; };
		B569B52625D7D3DB0021B11D /* SpaceXRocket.swift */ = {isa = PBXFileReference; lastKnownFileType = sourcecode.swift; path = SpaceXRocket.swift; sourceTree = "<group>"; };
		B569B52925D7D73B0021B11D /* SpaceXRocketSize.swift */ = {isa = PBXFileReference; lastKnownFileType = sourcecode.swift; path = SpaceXRocketSize.swift; sourceTree = "<group>"; };
		B569B52C25D7D7700021B11D /* SpaceXRocketMass.swift */ = {isa = PBXFileReference; lastKnownFileType = sourcecode.swift; path = SpaceXRocketMass.swift; sourceTree = "<group>"; };
		B569B52F25D7D79F0021B11D /* SpaceXRocketFirstStage.swift */ = {isa = PBXFileReference; lastKnownFileType = sourcecode.swift; path = SpaceXRocketFirstStage.swift; sourceTree = "<group>"; };
		B569B53225D7D8FA0021B11D /* SpaceXRocketThrust.swift */ = {isa = PBXFileReference; lastKnownFileType = sourcecode.swift; path = SpaceXRocketThrust.swift; sourceTree = "<group>"; };
		B569B53525D7D9A60021B11D /* SpaceXRocketSecondStage.swift */ = {isa = PBXFileReference; lastKnownFileType = sourcecode.swift; path = SpaceXRocketSecondStage.swift; sourceTree = "<group>"; };
		B569B53825D7DB4B0021B11D /* SpaceXRocketSecondStagePayloads.swift */ = {isa = PBXFileReference; lastKnownFileType = sourcecode.swift; path = SpaceXRocketSecondStagePayloads.swift; sourceTree = "<group>"; };
		B569B53B25D7DBE20021B11D /* SpaceXRocketSecondStagePaylodsCompositeFairings.swift */ = {isa = PBXFileReference; lastKnownFileType = sourcecode.swift; path = SpaceXRocketSecondStagePaylodsCompositeFairings.swift; sourceTree = "<group>"; };
		B569B53E25D7DCD60021B11D /* SpaceXRocketEngines.swift */ = {isa = PBXFileReference; lastKnownFileType = sourcecode.swift; path = SpaceXRocketEngines.swift; sourceTree = "<group>"; };
		B569B54125D7DEB80021B11D /* SpaceXRocketEnginesISP.swift */ = {isa = PBXFileReference; lastKnownFileType = sourcecode.swift; path = SpaceXRocketEnginesISP.swift; sourceTree = "<group>"; };
		B569B54425D7DF1D0021B11D /* SpaceXRocketLandingLegs.swift */ = {isa = PBXFileReference; lastKnownFileType = sourcecode.swift; path = SpaceXRocketLandingLegs.swift; sourceTree = "<group>"; };
		B569B54725D7DF580021B11D /* SpaceXRocketPayloadWeight.swift */ = {isa = PBXFileReference; lastKnownFileType = sourcecode.swift; path = SpaceXRocketPayloadWeight.swift; sourceTree = "<group>"; };
		B56BF484242142EE00A0EF03 /* SpaceXDataProvider.swift */ = {isa = PBXFileReference; lastKnownFileType = sourcecode.swift; path = SpaceXDataProvider.swift; sourceTree = "<group>"; };
		B58D7D50260127B000F3E861 /* TextCollectionViewCell.swift */ = {isa = PBXFileReference; lastKnownFileType = sourcecode.swift; path = TextCollectionViewCell.swift; sourceTree = "<group>"; };
		B58D7D55260200F900F3E861 /* RocketSizeCollectionViewCell.swift */ = {isa = PBXFileReference; lastKnownFileType = sourcecode.swift; path = RocketSizeCollectionViewCell.swift; sourceTree = "<group>"; };
		B5A8823825CD6408008D1047 /* RocketPreviewCollectionViewCell.swift */ = {isa = PBXFileReference; lastKnownFileType = sourcecode.swift; path = RocketPreviewCollectionViewCell.swift; sourceTree = "<group>"; };
		B5AE8C6225D7FD1500B3A84E /* PaddingLabel.swift */ = {isa = PBXFileReference; lastKnownFileType = sourcecode.swift; path = PaddingLabel.swift; sourceTree = "<group>"; };
		B5E10F7C25EFACE100854561 /* RocketDetailsViewController.swift */ = {isa = PBXFileReference; lastKnownFileType = sourcecode.swift; path = RocketDetailsViewController.swift; sourceTree = "<group>"; };
		B5E6ED3E25CAA5BD00F5D4E0 /* RocketsViewController.swift */ = {isa = PBXFileReference; lastKnownFileType = sourcecode.swift; path = RocketsViewController.swift; sourceTree = "<group>"; };
		B5F9F791241C0F8C00CADA76 /* SpaceXApp.app */ = {isa = PBXFileReference; explicitFileType = wrapper.application; includeInIndex = 0; path = SpaceXApp.app; sourceTree = BUILT_PRODUCTS_DIR; };
		B5F9F794241C0F8C00CADA76 /* AppDelegate.swift */ = {isa = PBXFileReference; lastKnownFileType = sourcecode.swift; path = AppDelegate.swift; sourceTree = "<group>"; };
		B5F9F796241C0F8C00CADA76 /* SceneDelegate.swift */ = {isa = PBXFileReference; lastKnownFileType = sourcecode.swift; path = SceneDelegate.swift; sourceTree = "<group>"; };
		B5F9F798241C0F8C00CADA76 /* LaunchesViewController.swift */ = {isa = PBXFileReference; lastKnownFileType = sourcecode.swift; path = LaunchesViewController.swift; sourceTree = "<group>"; };
		B5F9F79D241C0F8F00CADA76 /* Assets.xcassets */ = {isa = PBXFileReference; lastKnownFileType = folder.assetcatalog; path = Assets.xcassets; sourceTree = "<group>"; };
		B5F9F7A0241C0F8F00CADA76 /* Base */ = {isa = PBXFileReference; lastKnownFileType = file.storyboard; name = Base; path = Base.lproj/LaunchScreen.storyboard; sourceTree = "<group>"; };
		B5F9F7A2241C0F8F00CADA76 /* Info.plist */ = {isa = PBXFileReference; lastKnownFileType = text.plist.xml; path = Info.plist; sourceTree = "<group>"; };
/* End PBXFileReference section */

/* Begin PBXFrameworksBuildPhase section */
		B5F9F78E241C0F8C00CADA76 /* Frameworks */ = {
			isa = PBXFrameworksBuildPhase;
			buildActionMask = 2147483647;
			files = (
			);
			runOnlyForDeploymentPostprocessing = 0;
		};
/* End PBXFrameworksBuildPhase section */

/* Begin PBXGroup section */
		B5137D2E25F790DB00E265E0 /* Image cell */ = {
			isa = PBXGroup;
			children = (
				B5137D2F25F790EB00E265E0 /* ImageCollectionViewCell.swift */,
			);
			path = "Image cell";
			sourceTree = "<group>";
		};
		B5184F35241CFAA300C7931F /* SpaceX Launch */ = {
			isa = PBXGroup;
			children = (
				B5184F1D241CD21800C7931F /* SpaceXLaunch.swift */,
				B5184F2D241CE09900C7931F /* SpaceXLaunchTelemetry.swift */,
				B5184F2F241CE12500C7931F /* SpaceXLaunchSite.swift */,
				B5184F31241CE20200C7931F /* SpaceXLaunchLinks.swift */,
				B5184F33241CE45A00C7931F /* SpaceXLaunchTimeline.swift */,
			);
			path = "SpaceX Launch";
			sourceTree = "<group>";
		};
		B5184F36241CFACB00C7931F /* SpaceX Launch Rocket */ = {
			isa = PBXGroup;
			children = (
				B5184F1F241CD6D600C7931F /* SpaceXLaunchRocket.swift */,
				B5184F21241CD7A200C7931F /* SpaceXLaunchRocketFirstStage.swift */,
				B5184F23241CD80500C7931F /* SpaceXLaunchRocketFirstStageCore.swift */,
				B5184F25241CDA1F00C7931F /* SpaceXLaunchRocketSecondStage.swift */,
				B5184F27241CDA9C00C7931F /* SpaceXLaunchRocketSecondStagePayload.swift */,
				B5184F29241CDC3100C7931F /* SpaceXLaunchRocketSecondStagePayloadOrbitParams.swift */,
				B5184F2B241CDF6000C7931F /* SpaceXLaunchRocketFairings.swift */,
			);
			path = "SpaceX Launch Rocket";
			sourceTree = "<group>";
		};
		B5184F37241D345D00C7931F /* Networking */ = {
			isa = PBXGroup;
			children = (
				B5184F3B241D44A300C7931F /* APIManager.swift */,
				B56BF484242142EE00A0EF03 /* SpaceXDataProvider.swift */,
			);
			path = Networking;
			sourceTree = "<group>";
		};
		B5184F3E241D4DD800C7931F /* API data */ = {
			isa = PBXGroup;
			children = (
				B5184F3F241D4DFC00C7931F /* SpaceXAPIData.swift */,
				B5184F4C241E7ED100C7931F /* SpaceXGetLaunchesURL.swift */,
			);
			path = "API data";
			sourceTree = "<group>";
		};
		B5184F41241D7A3600C7931F /* UICollectionViewCells */ = {
			isa = PBXGroup;
			children = (
				B58D7D54260200E300F3E861 /* Rocket size cell */,
				B58D7D4F2601279600F3E861 /* Text cell */,
				B5137D2E25F790DB00E265E0 /* Image cell */,
				B5A8823725CD63EB008D1047 /* Rocket preview */,
				B5184F42241D7A4200C7931F /* Launch preview */,
			);
			path = UICollectionViewCells;
			sourceTree = "<group>";
		};
		B5184F42241D7A4200C7931F /* Launch preview */ = {
			isa = PBXGroup;
			children = (
				B5184F43241D816C00C7931F /* LaunchPreviewCollectionViewCell.swift */,
			);
			path = "Launch preview";
			sourceTree = "<group>";
		};
		B5184F49241E5F3E00C7931F /* UILabel */ = {
			isa = PBXGroup;
			children = (
				B5184F4A241E5F5700C7931F /* DetailedInfoLabel.swift */,
				B5AE8C6225D7FD1500B3A84E /* PaddingLabel.swift */,
			);
			path = UILabel;
			sourceTree = "<group>";
		};
		B5184F4E241EBB6400C7931F /* Supporting files */ = {
			isa = PBXGroup;
			children = (
				B5184F4F241EBB7A00C7931F /* DateFormats.swift */,
				B5184F56241F727D00C7931F /* UIView + Extension.swift */,
				B5184F58241F772400C7931F /* Date + Extension.swift */,
				B5F9F794241C0F8C00CADA76 /* AppDelegate.swift */,
				B5F9F796241C0F8C00CADA76 /* SceneDelegate.swift */,
				B5F9F7A2241C0F8F00CADA76 /* Info.plist */,
			);
			path = "Supporting files";
			sourceTree = "<group>";
		};
		B5184F51241ECF0900C7931F /* Detailed information */ = {
			isa = PBXGroup;
			children = (
				B5184F52241ECF4700C7931F /* DetailedLaunchInformationViewController.swift */,
			);
			path = "Detailed information";
			sourceTree = "<group>";
		};
		B5184F5A241F79A800C7931F /* UITableViewCells */ = {
			isa = PBXGroup;
			children = (
				B5AF1E412421509200AC942E /* Launch info */,
			);
			path = UITableViewCells;
			sourceTree = "<group>";
		};
		B569B52525D7D37F0021B11D /* SpaceX Rocket */ = {
			isa = PBXGroup;
			children = (
				B569B52625D7D3DB0021B11D /* SpaceXRocket.swift */,
				B569B52925D7D73B0021B11D /* SpaceXRocketSize.swift */,
				B569B52C25D7D7700021B11D /* SpaceXRocketMass.swift */,
				B569B52F25D7D79F0021B11D /* SpaceXRocketFirstStage.swift */,
				B569B53225D7D8FA0021B11D /* SpaceXRocketThrust.swift */,
				B569B53525D7D9A60021B11D /* SpaceXRocketSecondStage.swift */,
				B569B53825D7DB4B0021B11D /* SpaceXRocketSecondStagePayloads.swift */,
				B569B53B25D7DBE20021B11D /* SpaceXRocketSecondStagePaylodsCompositeFairings.swift */,
				B569B53E25D7DCD60021B11D /* SpaceXRocketEngines.swift */,
				B569B54125D7DEB80021B11D /* SpaceXRocketEnginesISP.swift */,
				B569B54425D7DF1D0021B11D /* SpaceXRocketLandingLegs.swift */,
				B569B54725D7DF580021B11D /* SpaceXRocketPayloadWeight.swift */,
			);
			path = "SpaceX Rocket";
			sourceTree = "<group>";
		};
		B58D7D4F2601279600F3E861 /* Text cell */ = {
			isa = PBXGroup;
			children = (
				B58D7D50260127B000F3E861 /* TextCollectionViewCell.swift */,
			);
			path = "Text cell";
			sourceTree = "<group>";
		};
		B58D7D54260200E300F3E861 /* Rocket size cell */ = {
			isa = PBXGroup;
			children = (
				B58D7D55260200F900F3E861 /* RocketSizeCollectionViewCell.swift */,
			);
			path = "Rocket size cell";
			sourceTree = "<group>";
		};
		B5A8823725CD63EB008D1047 /* Rocket preview */ = {
			isa = PBXGroup;
			children = (
				B5A8823825CD6408008D1047 /* RocketPreviewCollectionViewCell.swift */,
			);
			path = "Rocket preview";
			sourceTree = "<group>";
		};
		B5AF1E412421509200AC942E /* Launch info */ = {
			isa = PBXGroup;
			children = (
				B5184F5B241F79DE00C7931F /* LaunchInfoTableViewCell.swift */,
			);
			path = "Launch info";
			sourceTree = "<group>";
		};
		B5E10F7B25EFACAF00854561 /* Rocket details */ = {
			isa = PBXGroup;
			children = (
				B5E10F7C25EFACE100854561 /* RocketDetailsViewController.swift */,
			);
			path = "Rocket details";
			sourceTree = "<group>";
		};
		B5E6ED3D25CAA5A200F5D4E0 /* Rockets */ = {
			isa = PBXGroup;
			children = (
				B5E6ED3E25CAA5BD00F5D4E0 /* RocketsViewController.swift */,
			);
			path = Rockets;
			sourceTree = "<group>";
		};
		B5F9F788241C0F8C00CADA76 = {
			isa = PBXGroup;
			children = (
				B5F9F793241C0F8C00CADA76 /* SpaceXApp */,
				B5F9F792241C0F8C00CADA76 /* Products */,
			);
			sourceTree = "<group>";
		};
		B5F9F792241C0F8C00CADA76 /* Products */ = {
			isa = PBXGroup;
			children = (
				B5F9F791241C0F8C00CADA76 /* SpaceXApp.app */,
			);
			name = Products;
			sourceTree = "<group>";
		};
		B5F9F793241C0F8C00CADA76 /* SpaceXApp */ = {
			isa = PBXGroup;
			children = (
				B5184F4E241EBB6400C7931F /* Supporting files */,
				B5184F37241D345D00C7931F /* Networking */,
				B5F9F7A8241C187D00CADA76 /* Model */,
				B5F9F7A9241C188900CADA76 /* View */,
				B5F9F7AA241C189300CADA76 /* Controller */,
				B5F9F79D241C0F8F00CADA76 /* Assets.xcassets */,
				B5F9F79F241C0F8F00CADA76 /* LaunchScreen.storyboard */,
			);
			path = SpaceXApp;
			sourceTree = "<group>";
		};
		B5F9F7A8241C187D00CADA76 /* Model */ = {
			isa = PBXGroup;
			children = (
				B569B52525D7D37F0021B11D /* SpaceX Rocket */,
				B5184F3E241D4DD800C7931F /* API data */,
				B5184F35241CFAA300C7931F /* SpaceX Launch */,
				B5184F36241CFACB00C7931F /* SpaceX Launch Rocket */,
			);
			path = Model;
			sourceTree = "<group>";
		};
		B5F9F7A9241C188900CADA76 /* View */ = {
			isa = PBXGroup;
			children = (
				B5184F5A241F79A800C7931F /* UITableViewCells */,
				B5184F49241E5F3E00C7931F /* UILabel */,
				B5184F41241D7A3600C7931F /* UICollectionViewCells */,
			);
			path = View;
			sourceTree = "<group>";
		};
		B5F9F7AA241C189300CADA76 /* Controller */ = {
			isa = PBXGroup;
			children = (
				B5E10F7B25EFACAF00854561 /* Rocket details */,
				B5E6ED3D25CAA5A200F5D4E0 /* Rockets */,
				B5184F51241ECF0900C7931F /* Detailed information */,
				B5F9F7AB241C18A600CADA76 /* Launches */,
			);
			path = Controller;
			sourceTree = "<group>";
		};
		B5F9F7AB241C18A600CADA76 /* Launches */ = {
			isa = PBXGroup;
			children = (
				B5F9F798241C0F8C00CADA76 /* LaunchesViewController.swift */,
			);
			path = Launches;
			sourceTree = "<group>";
		};
/* End PBXGroup section */

/* Begin PBXNativeTarget section */
		B5F9F790241C0F8C00CADA76 /* SpaceXApp */ = {
			isa = PBXNativeTarget;
			buildConfigurationList = B5F9F7A5241C0F8F00CADA76 /* Build configuration list for PBXNativeTarget "SpaceXApp" */;
			buildPhases = (
				B5F9F78D241C0F8C00CADA76 /* Sources */,
				B5F9F78E241C0F8C00CADA76 /* Frameworks */,
				B5F9F78F241C0F8C00CADA76 /* Resources */,
			);
			buildRules = (
			);
			dependencies = (
			);
			name = SpaceXApp;
			productName = SpaceXApp;
			productReference = B5F9F791241C0F8C00CADA76 /* SpaceXApp.app */;
			productType = "com.apple.product-type.application";
		};
/* End PBXNativeTarget section */

/* Begin PBXProject section */
		B5F9F789241C0F8C00CADA76 /* Project object */ = {
			isa = PBXProject;
			attributes = {
				LastSwiftUpdateCheck = 1130;
				LastUpgradeCheck = 1240;
				ORGANIZATIONNAME = "Konstantin Akchurin";
				TargetAttributes = {
					B5F9F790241C0F8C00CADA76 = {
						CreatedOnToolsVersion = 11.3.1;
					};
				};
			};
			buildConfigurationList = B5F9F78C241C0F8C00CADA76 /* Build configuration list for PBXProject "SpaceXApp" */;
			compatibilityVersion = "Xcode 9.3";
			developmentRegion = en;
			hasScannedForEncodings = 0;
			knownRegions = (
				en,
				Base,
			);
			mainGroup = B5F9F788241C0F8C00CADA76;
			productRefGroup = B5F9F792241C0F8C00CADA76 /* Products */;
			projectDirPath = "";
			projectRoot = "";
			targets = (
				B5F9F790241C0F8C00CADA76 /* SpaceXApp */,
			);
		};
/* End PBXProject section */

/* Begin PBXResourcesBuildPhase section */
		B5F9F78F241C0F8C00CADA76 /* Resources */ = {
			isa = PBXResourcesBuildPhase;
			buildActionMask = 2147483647;
			files = (
				B5F9F7A1241C0F8F00CADA76 /* LaunchScreen.storyboard in Resources */,
				B5F9F79E241C0F8F00CADA76 /* Assets.xcassets in Resources */,
			);
			runOnlyForDeploymentPostprocessing = 0;
		};
/* End PBXResourcesBuildPhase section */

/* Begin PBXSourcesBuildPhase section */
		B5F9F78D241C0F8C00CADA76 /* Sources */ = {
			isa = PBXSourcesBuildPhase;
			buildActionMask = 2147483647;
			files = (
				B569B54825D7DF580021B11D /* SpaceXRocketPayloadWeight.swift in Sources */,
				B5184F32241CE20200C7931F /* SpaceXLaunchLinks.swift in Sources */,
				B5184F2C241CDF6000C7931F /* SpaceXLaunchRocketFairings.swift in Sources */,
				B569B53325D7D8FA0021B11D /* SpaceXRocketThrust.swift in Sources */,
				B569B53F25D7DCD60021B11D /* SpaceXRocketEngines.swift in Sources */,
				B56BF485242142EE00A0EF03 /* SpaceXDataProvider.swift in Sources */,
				B5184F40241D4DFC00C7931F /* SpaceXAPIData.swift in Sources */,
				B5184F1E241CD21800C7931F /* SpaceXLaunch.swift in Sources */,
				B5184F30241CE12500C7931F /* SpaceXLaunchSite.swift in Sources */,
				B569B52A25D7D73B0021B11D /* SpaceXRocketSize.swift in Sources */,
				B569B52D25D7D7700021B11D /* SpaceXRocketMass.swift in Sources */,
				B5184F3C241D44A300C7931F /* APIManager.swift in Sources */,
				B5184F57241F727D00C7931F /* UIView + Extension.swift in Sources */,
				B569B54525D7DF1D0021B11D /* SpaceXRocketLandingLegs.swift in Sources */,
				B5184F5C241F79DE00C7931F /* LaunchInfoTableViewCell.swift in Sources */,
				B5184F4D241E7ED100C7931F /* SpaceXGetLaunchesURL.swift in Sources */,
				B5184F44241D816C00C7931F /* LaunchPreviewCollectionViewCell.swift in Sources */,
				B5184F20241CD6D600C7931F /* SpaceXLaunchRocket.swift in Sources */,
				B569B54225D7DEB80021B11D /* SpaceXRocketEnginesISP.swift in Sources */,
				B5E6ED3F25CAA5BD00F5D4E0 /* RocketsViewController.swift in Sources */,
				B5184F59241F772400C7931F /* Date + Extension.swift in Sources */,
				B569B53925D7DB4B0021B11D /* SpaceXRocketSecondStagePayloads.swift in Sources */,
				B5184F28241CDA9C00C7931F /* SpaceXLaunchRocketSecondStagePayload.swift in Sources */,
				B569B53625D7D9A60021B11D /* SpaceXRocketSecondStage.swift in Sources */,
				B5F9F799241C0F8C00CADA76 /* LaunchesViewController.swift in Sources */,
				B5184F24241CD80500C7931F /* SpaceXLaunchRocketFirstStageCore.swift in Sources */,
				B5184F4B241E5F5700C7931F /* DetailedInfoLabel.swift in Sources */,
				B5184F26241CDA1F00C7931F /* SpaceXLaunchRocketSecondStage.swift in Sources */,
				B5184F22241CD7A200C7931F /* SpaceXLaunchRocketFirstStage.swift in Sources */,
				B5184F34241CE45A00C7931F /* SpaceXLaunchTimeline.swift in Sources */,
				B5184F53241ECF4700C7931F /* DetailedLaunchInformationViewController.swift in Sources */,
				B5184F2E241CE09900C7931F /* SpaceXLaunchTelemetry.swift in Sources */,
				B5AE8C6325D7FD1500B3A84E /* PaddingLabel.swift in Sources */,
				B5E10F7D25EFACE200854561 /* RocketDetailsViewController.swift in Sources */,
				B58D7D56260200F900F3E861 /* RocketSizeCollectionViewCell.swift in Sources */,
				B5137D3025F790EB00E265E0 /* ImageCollectionViewCell.swift in Sources */,
				B58D7D51260127B000F3E861 /* TextCollectionViewCell.swift in Sources */,
				B5184F50241EBB7A00C7931F /* DateFormats.swift in Sources */,
				B5F9F795241C0F8C00CADA76 /* AppDelegate.swift in Sources */,
				B569B53C25D7DBE20021B11D /* SpaceXRocketSecondStagePaylodsCompositeFairings.swift in Sources */,
				B5A8823925CD6408008D1047 /* RocketPreviewCollectionViewCell.swift in Sources */,
				B569B52725D7D3DB0021B11D /* SpaceXRocket.swift in Sources */,
				B5184F2A241CDC3100C7931F /* SpaceXLaunchRocketSecondStagePayloadOrbitParams.swift in Sources */,
				B5F9F797241C0F8C00CADA76 /* SceneDelegate.swift in Sources */,
				B569B53025D7D79F0021B11D /* SpaceXRocketFirstStage.swift in Sources */,
			);
			runOnlyForDeploymentPostprocessing = 0;
		};
/* End PBXSourcesBuildPhase section */

/* Begin PBXVariantGroup section */
		B5F9F79F241C0F8F00CADA76 /* LaunchScreen.storyboard */ = {
			isa = PBXVariantGroup;
			children = (
				B5F9F7A0241C0F8F00CADA76 /* Base */,
			);
			name = LaunchScreen.storyboard;
			sourceTree = "<group>";
		};
/* End PBXVariantGroup section */

/* Begin XCBuildConfiguration section */
		B5F9F7A3241C0F8F00CADA76 /* Debug */ = {
			isa = XCBuildConfiguration;
			buildSettings = {
				ALWAYS_SEARCH_USER_PATHS = NO;
				CLANG_ANALYZER_NONNULL = YES;
				CLANG_ANALYZER_NUMBER_OBJECT_CONVERSION = YES_AGGRESSIVE;
				CLANG_CXX_LANGUAGE_STANDARD = "gnu++14";
				CLANG_CXX_LIBRARY = "libc++";
				CLANG_ENABLE_MODULES = YES;
				CLANG_ENABLE_OBJC_ARC = YES;
				CLANG_ENABLE_OBJC_WEAK = YES;
				CLANG_WARN_BLOCK_CAPTURE_AUTORELEASING = YES;
				CLANG_WARN_BOOL_CONVERSION = YES;
				CLANG_WARN_COMMA = YES;
				CLANG_WARN_CONSTANT_CONVERSION = YES;
				CLANG_WARN_DEPRECATED_OBJC_IMPLEMENTATIONS = YES;
				CLANG_WARN_DIRECT_OBJC_ISA_USAGE = YES_ERROR;
				CLANG_WARN_DOCUMENTATION_COMMENTS = YES;
				CLANG_WARN_EMPTY_BODY = YES;
				CLANG_WARN_ENUM_CONVERSION = YES;
				CLANG_WARN_INFINITE_RECURSION = YES;
				CLANG_WARN_INT_CONVERSION = YES;
				CLANG_WARN_NON_LITERAL_NULL_CONVERSION = YES;
				CLANG_WARN_OBJC_IMPLICIT_RETAIN_SELF = YES;
				CLANG_WARN_OBJC_LITERAL_CONVERSION = YES;
				CLANG_WARN_OBJC_ROOT_CLASS = YES_ERROR;
				CLANG_WARN_QUOTED_INCLUDE_IN_FRAMEWORK_HEADER = YES;
				CLANG_WARN_RANGE_LOOP_ANALYSIS = YES;
				CLANG_WARN_STRICT_PROTOTYPES = YES;
				CLANG_WARN_SUSPICIOUS_MOVE = YES;
				CLANG_WARN_UNGUARDED_AVAILABILITY = YES_AGGRESSIVE;
				CLANG_WARN_UNREACHABLE_CODE = YES;
				CLANG_WARN__DUPLICATE_METHOD_MATCH = YES;
				COPY_PHASE_STRIP = NO;
				DEBUG_INFORMATION_FORMAT = dwarf;
				ENABLE_STRICT_OBJC_MSGSEND = YES;
				ENABLE_TESTABILITY = YES;
				GCC_C_LANGUAGE_STANDARD = gnu11;
				GCC_DYNAMIC_NO_PIC = NO;
				GCC_NO_COMMON_BLOCKS = YES;
				GCC_OPTIMIZATION_LEVEL = 0;
				GCC_PREPROCESSOR_DEFINITIONS = (
					"DEBUG=1",
					"$(inherited)",
				);
				GCC_WARN_64_TO_32_BIT_CONVERSION = YES;
				GCC_WARN_ABOUT_RETURN_TYPE = YES_ERROR;
				GCC_WARN_UNDECLARED_SELECTOR = YES;
				GCC_WARN_UNINITIALIZED_AUTOS = YES_AGGRESSIVE;
				GCC_WARN_UNUSED_FUNCTION = YES;
				GCC_WARN_UNUSED_VARIABLE = YES;
				IPHONEOS_DEPLOYMENT_TARGET = 13.0;
				MTL_ENABLE_DEBUG_INFO = INCLUDE_SOURCE;
				MTL_FAST_MATH = YES;
				ONLY_ACTIVE_ARCH = YES;
				SDKROOT = iphoneos;
				SWIFT_ACTIVE_COMPILATION_CONDITIONS = DEBUG;
				SWIFT_OPTIMIZATION_LEVEL = "-Onone";
			};
			name = Debug;
		};
		B5F9F7A4241C0F8F00CADA76 /* Release */ = {
			isa = XCBuildConfiguration;
			buildSettings = {
				ALWAYS_SEARCH_USER_PATHS = NO;
				CLANG_ANALYZER_NONNULL = YES;
				CLANG_ANALYZER_NUMBER_OBJECT_CONVERSION = YES_AGGRESSIVE;
				CLANG_CXX_LANGUAGE_STANDARD = "gnu++14";
				CLANG_CXX_LIBRARY = "libc++";
				CLANG_ENABLE_MODULES = YES;
				CLANG_ENABLE_OBJC_ARC = YES;
				CLANG_ENABLE_OBJC_WEAK = YES;
				CLANG_WARN_BLOCK_CAPTURE_AUTORELEASING = YES;
				CLANG_WARN_BOOL_CONVERSION = YES;
				CLANG_WARN_COMMA = YES;
				CLANG_WARN_CONSTANT_CONVERSION = YES;
				CLANG_WARN_DEPRECATED_OBJC_IMPLEMENTATIONS = YES;
				CLANG_WARN_DIRECT_OBJC_ISA_USAGE = YES_ERROR;
				CLANG_WARN_DOCUMENTATION_COMMENTS = YES;
				CLANG_WARN_EMPTY_BODY = YES;
				CLANG_WARN_ENUM_CONVERSION = YES;
				CLANG_WARN_INFINITE_RECURSION = YES;
				CLANG_WARN_INT_CONVERSION = YES;
				CLANG_WARN_NON_LITERAL_NULL_CONVERSION = YES;
				CLANG_WARN_OBJC_IMPLICIT_RETAIN_SELF = YES;
				CLANG_WARN_OBJC_LITERAL_CONVERSION = YES;
				CLANG_WARN_OBJC_ROOT_CLASS = YES_ERROR;
				CLANG_WARN_QUOTED_INCLUDE_IN_FRAMEWORK_HEADER = YES;
				CLANG_WARN_RANGE_LOOP_ANALYSIS = YES;
				CLANG_WARN_STRICT_PROTOTYPES = YES;
				CLANG_WARN_SUSPICIOUS_MOVE = YES;
				CLANG_WARN_UNGUARDED_AVAILABILITY = YES_AGGRESSIVE;
				CLANG_WARN_UNREACHABLE_CODE = YES;
				CLANG_WARN__DUPLICATE_METHOD_MATCH = YES;
				COPY_PHASE_STRIP = NO;
				DEBUG_INFORMATION_FORMAT = "dwarf-with-dsym";
				ENABLE_NS_ASSERTIONS = NO;
				ENABLE_STRICT_OBJC_MSGSEND = YES;
				GCC_C_LANGUAGE_STANDARD = gnu11;
				GCC_NO_COMMON_BLOCKS = YES;
				GCC_WARN_64_TO_32_BIT_CONVERSION = YES;
				GCC_WARN_ABOUT_RETURN_TYPE = YES_ERROR;
				GCC_WARN_UNDECLARED_SELECTOR = YES;
				GCC_WARN_UNINITIALIZED_AUTOS = YES_AGGRESSIVE;
				GCC_WARN_UNUSED_FUNCTION = YES;
				GCC_WARN_UNUSED_VARIABLE = YES;
				IPHONEOS_DEPLOYMENT_TARGET = 13.0;
				MTL_ENABLE_DEBUG_INFO = NO;
				MTL_FAST_MATH = YES;
				SDKROOT = iphoneos;
				SWIFT_COMPILATION_MODE = wholemodule;
				SWIFT_OPTIMIZATION_LEVEL = "-O";
				VALIDATE_PRODUCT = YES;
			};
			name = Release;
		};
		B5F9F7A6241C0F8F00CADA76 /* Debug */ = {
			isa = XCBuildConfiguration;
			buildSettings = {
				ASSETCATALOG_COMPILER_APPICON_NAME = AppIcon;
				CODE_SIGN_STYLE = Automatic;
				DEVELOPMENT_TEAM = 5J74H2E8F8;
				INFOPLIST_FILE = "SpaceXApp/Supporting files/Info.plist";
				LD_RUNPATH_SEARCH_PATHS = (
					"$(inherited)",
					"@executable_path/Frameworks",
				);
				PRODUCT_BUNDLE_IDENTIFIER = "Konstantin-Akchurin.SpaceXApp";
				PRODUCT_NAME = "$(TARGET_NAME)";
				SWIFT_VERSION = 5.0;
				TARGETED_DEVICE_FAMILY = "1,2";
			};
			name = Debug;
		};
		B5F9F7A7241C0F8F00CADA76 /* Release */ = {
			isa = XCBuildConfiguration;
			buildSettings = {
				ASSETCATALOG_COMPILER_APPICON_NAME = AppIcon;
				CODE_SIGN_STYLE = Automatic;
				DEVELOPMENT_TEAM = 5J74H2E8F8;
				INFOPLIST_FILE = "SpaceXApp/Supporting files/Info.plist";
				LD_RUNPATH_SEARCH_PATHS = (
					"$(inherited)",
					"@executable_path/Frameworks",
				);
				PRODUCT_BUNDLE_IDENTIFIER = "Konstantin-Akchurin.SpaceXApp";
				PRODUCT_NAME = "$(TARGET_NAME)";
				SWIFT_VERSION = 5.0;
				TARGETED_DEVICE_FAMILY = "1,2";
			};
			name = Release;
		};
/* End XCBuildConfiguration section */

/* Begin XCConfigurationList section */
		B5F9F78C241C0F8C00CADA76 /* Build configuration list for PBXProject "SpaceXApp" */ = {
			isa = XCConfigurationList;
			buildConfigurations = (
				B5F9F7A3241C0F8F00CADA76 /* Debug */,
				B5F9F7A4241C0F8F00CADA76 /* Release */,
			);
			defaultConfigurationIsVisible = 0;
			defaultConfigurationName = Release;
		};
		B5F9F7A5241C0F8F00CADA76 /* Build configuration list for PBXNativeTarget "SpaceXApp" */ = {
			isa = XCConfigurationList;
			buildConfigurations = (
				B5F9F7A6241C0F8F00CADA76 /* Debug */,
				B5F9F7A7241C0F8F00CADA76 /* Release */,
			);
			defaultConfigurationIsVisible = 0;
			defaultConfigurationName = Release;
		};
/* End XCConfigurationList section */
	};
	rootObject = B5F9F789241C0F8C00CADA76 /* Project object */;
}
