// !$*UTF8*$!
{
	archiveVersion = 1;
	classes = {
	};
	objectVersion = 50;
	objects = {

/* Begin PBXBuildFile section */
		B5184F1E241CD21800C7931F /* SpaceXLaunch.swift in Sources */ = {isa = PBXBuildFile; fileRef = B5184F1D241CD21800C7931F /* SpaceXLaunch.swift */; };
		B5184F20241CD6D600C7931F /* SpaceXRocket.swift in Sources */ = {isa = PBXBuildFile; fileRef = B5184F1F241CD6D600C7931F /* SpaceXRocket.swift */; };
		B5184F22241CD7A200C7931F /* SpaceXRocketFirstStage.swift in Sources */ = {isa = PBXBuildFile; fileRef = B5184F21241CD7A200C7931F /* SpaceXRocketFirstStage.swift */; };
		B5184F24241CD80500C7931F /* SpaceXRocketFirstStageCore.swift in Sources */ = {isa = PBXBuildFile; fileRef = B5184F23241CD80500C7931F /* SpaceXRocketFirstStageCore.swift */; };
		B5184F26241CDA1F00C7931F /* SpaceXRocketSecondStage.swift in Sources */ = {isa = PBXBuildFile; fileRef = B5184F25241CDA1F00C7931F /* SpaceXRocketSecondStage.swift */; };
		B5184F28241CDA9C00C7931F /* SpaceXRocketSecondStagePayload.swift in Sources */ = {isa = PBXBuildFile; fileRef = B5184F27241CDA9C00C7931F /* SpaceXRocketSecondStagePayload.swift */; };
		B5184F2A241CDC3100C7931F /* SpaceXRocketSecondStagePayloadOrbitParams.swift in Sources */ = {isa = PBXBuildFile; fileRef = B5184F29241CDC3100C7931F /* SpaceXRocketSecondStagePayloadOrbitParams.swift */; };
		B5184F2C241CDF6000C7931F /* SpaceXRocketFairings.swift in Sources */ = {isa = PBXBuildFile; fileRef = B5184F2B241CDF6000C7931F /* SpaceXRocketFairings.swift */; };
		B5184F2E241CE09900C7931F /* SpaceXLaunchTelemetry.swift in Sources */ = {isa = PBXBuildFile; fileRef = B5184F2D241CE09900C7931F /* SpaceXLaunchTelemetry.swift */; };
		B5184F30241CE12500C7931F /* SpaceXLaunchSite.swift in Sources */ = {isa = PBXBuildFile; fileRef = B5184F2F241CE12500C7931F /* SpaceXLaunchSite.swift */; };
		B5184F32241CE20200C7931F /* SpaceXLaunchLinks.swift in Sources */ = {isa = PBXBuildFile; fileRef = B5184F31241CE20200C7931F /* SpaceXLaunchLinks.swift */; };
		B5184F34241CE45A00C7931F /* SpaceXLaunchTimeline.swift in Sources */ = {isa = PBXBuildFile; fileRef = B5184F33241CE45A00C7931F /* SpaceXLaunchTimeline.swift */; };
		B5184F3A241D348500C7931F /* NetworkManager.swift in Sources */ = {isa = PBXBuildFile; fileRef = B5184F39241D348500C7931F /* NetworkManager.swift */; };
		B5184F3C241D44A300C7931F /* SpaceXAPIManager.swift in Sources */ = {isa = PBXBuildFile; fileRef = B5184F3B241D44A300C7931F /* SpaceXAPIManager.swift */; };
		B5184F40241D4DFC00C7931F /* SpaceXAPIData.swift in Sources */ = {isa = PBXBuildFile; fileRef = B5184F3F241D4DFC00C7931F /* SpaceXAPIData.swift */; };
		B5184F44241D816C00C7931F /* LaunchPreviewCollectionViewCell.swift in Sources */ = {isa = PBXBuildFile; fileRef = B5184F43241D816C00C7931F /* LaunchPreviewCollectionViewCell.swift */; };
		B5F9F795241C0F8C00CADA76 /* AppDelegate.swift in Sources */ = {isa = PBXBuildFile; fileRef = B5F9F794241C0F8C00CADA76 /* AppDelegate.swift */; };
		B5F9F797241C0F8C00CADA76 /* SceneDelegate.swift in Sources */ = {isa = PBXBuildFile; fileRef = B5F9F796241C0F8C00CADA76 /* SceneDelegate.swift */; };
		B5F9F799241C0F8C00CADA76 /* LaunchesViewController.swift in Sources */ = {isa = PBXBuildFile; fileRef = B5F9F798241C0F8C00CADA76 /* LaunchesViewController.swift */; };
		B5F9F79C241C0F8C00CADA76 /* LaunchesViewController.storyboard in Resources */ = {isa = PBXBuildFile; fileRef = B5F9F79A241C0F8C00CADA76 /* LaunchesViewController.storyboard */; };
		B5F9F79E241C0F8F00CADA76 /* Assets.xcassets in Resources */ = {isa = PBXBuildFile; fileRef = B5F9F79D241C0F8F00CADA76 /* Assets.xcassets */; };
		B5F9F7A1241C0F8F00CADA76 /* LaunchScreen.storyboard in Resources */ = {isa = PBXBuildFile; fileRef = B5F9F79F241C0F8F00CADA76 /* LaunchScreen.storyboard */; };
		B5F9F7AE241C1A1100CADA76 /* Main.storyboard in Resources */ = {isa = PBXBuildFile; fileRef = B5F9F7AD241C1A1100CADA76 /* Main.storyboard */; };
/* End PBXBuildFile section */

/* Begin PBXFileReference section */
		B5184F1D241CD21800C7931F /* SpaceXLaunch.swift */ = {isa = PBXFileReference; lastKnownFileType = sourcecode.swift; path = SpaceXLaunch.swift; sourceTree = "<group>"; };
		B5184F1F241CD6D600C7931F /* SpaceXRocket.swift */ = {isa = PBXFileReference; lastKnownFileType = sourcecode.swift; path = SpaceXRocket.swift; sourceTree = "<group>"; };
		B5184F21241CD7A200C7931F /* SpaceXRocketFirstStage.swift */ = {isa = PBXFileReference; lastKnownFileType = sourcecode.swift; path = SpaceXRocketFirstStage.swift; sourceTree = "<group>"; };
		B5184F23241CD80500C7931F /* SpaceXRocketFirstStageCore.swift */ = {isa = PBXFileReference; lastKnownFileType = sourcecode.swift; path = SpaceXRocketFirstStageCore.swift; sourceTree = "<group>"; };
		B5184F25241CDA1F00C7931F /* SpaceXRocketSecondStage.swift */ = {isa = PBXFileReference; lastKnownFileType = sourcecode.swift; path = SpaceXRocketSecondStage.swift; sourceTree = "<group>"; };
		B5184F27241CDA9C00C7931F /* SpaceXRocketSecondStagePayload.swift */ = {isa = PBXFileReference; lastKnownFileType = sourcecode.swift; path = SpaceXRocketSecondStagePayload.swift; sourceTree = "<group>"; };
		B5184F29241CDC3100C7931F /* SpaceXRocketSecondStagePayloadOrbitParams.swift */ = {isa = PBXFileReference; lastKnownFileType = sourcecode.swift; path = SpaceXRocketSecondStagePayloadOrbitParams.swift; sourceTree = "<group>"; };
		B5184F2B241CDF6000C7931F /* SpaceXRocketFairings.swift */ = {isa = PBXFileReference; lastKnownFileType = sourcecode.swift; path = SpaceXRocketFairings.swift; sourceTree = "<group>"; };
		B5184F2D241CE09900C7931F /* SpaceXLaunchTelemetry.swift */ = {isa = PBXFileReference; lastKnownFileType = sourcecode.swift; path = SpaceXLaunchTelemetry.swift; sourceTree = "<group>"; };
		B5184F2F241CE12500C7931F /* SpaceXLaunchSite.swift */ = {isa = PBXFileReference; lastKnownFileType = sourcecode.swift; path = SpaceXLaunchSite.swift; sourceTree = "<group>"; };
		B5184F31241CE20200C7931F /* SpaceXLaunchLinks.swift */ = {isa = PBXFileReference; lastKnownFileType = sourcecode.swift; path = SpaceXLaunchLinks.swift; sourceTree = "<group>"; };
		B5184F33241CE45A00C7931F /* SpaceXLaunchTimeline.swift */ = {isa = PBXFileReference; lastKnownFileType = sourcecode.swift; path = SpaceXLaunchTimeline.swift; sourceTree = "<group>"; };
		B5184F39241D348500C7931F /* NetworkManager.swift */ = {isa = PBXFileReference; lastKnownFileType = sourcecode.swift; path = NetworkManager.swift; sourceTree = "<group>"; };
		B5184F3B241D44A300C7931F /* SpaceXAPIManager.swift */ = {isa = PBXFileReference; lastKnownFileType = sourcecode.swift; path = SpaceXAPIManager.swift; sourceTree = "<group>"; };
		B5184F3F241D4DFC00C7931F /* SpaceXAPIData.swift */ = {isa = PBXFileReference; lastKnownFileType = sourcecode.swift; path = SpaceXAPIData.swift; sourceTree = "<group>"; };
		B5184F43241D816C00C7931F /* LaunchPreviewCollectionViewCell.swift */ = {isa = PBXFileReference; lastKnownFileType = sourcecode.swift; path = LaunchPreviewCollectionViewCell.swift; sourceTree = "<group>"; };
		B5F9F791241C0F8C00CADA76 /* SpaceXApp.app */ = {isa = PBXFileReference; explicitFileType = wrapper.application; includeInIndex = 0; path = SpaceXApp.app; sourceTree = BUILT_PRODUCTS_DIR; };
		B5F9F794241C0F8C00CADA76 /* AppDelegate.swift */ = {isa = PBXFileReference; lastKnownFileType = sourcecode.swift; path = AppDelegate.swift; sourceTree = "<group>"; };
		B5F9F796241C0F8C00CADA76 /* SceneDelegate.swift */ = {isa = PBXFileReference; lastKnownFileType = sourcecode.swift; path = SceneDelegate.swift; sourceTree = "<group>"; };
		B5F9F798241C0F8C00CADA76 /* LaunchesViewController.swift */ = {isa = PBXFileReference; lastKnownFileType = sourcecode.swift; path = LaunchesViewController.swift; sourceTree = "<group>"; };
		B5F9F79B241C0F8C00CADA76 /* Base */ = {isa = PBXFileReference; lastKnownFileType = file.storyboard; name = Base; path = Base.lproj/LaunchesViewController.storyboard; sourceTree = "<group>"; };
		B5F9F79D241C0F8F00CADA76 /* Assets.xcassets */ = {isa = PBXFileReference; lastKnownFileType = folder.assetcatalog; path = Assets.xcassets; sourceTree = "<group>"; };
		B5F9F7A0241C0F8F00CADA76 /* Base */ = {isa = PBXFileReference; lastKnownFileType = file.storyboard; name = Base; path = Base.lproj/LaunchScreen.storyboard; sourceTree = "<group>"; };
		B5F9F7A2241C0F8F00CADA76 /* Info.plist */ = {isa = PBXFileReference; lastKnownFileType = text.plist.xml; path = Info.plist; sourceTree = "<group>"; };
		B5F9F7AD241C1A1100CADA76 /* Main.storyboard */ = {isa = PBXFileReference; lastKnownFileType = file.storyboard; path = Main.storyboard; sourceTree = "<group>"; };
/* End PBXFileReference section */

/* Begin PBXFrameworksBuildPhase section */
		B5F9F78E241C0F8C00CADA76 /* Frameworks */ = {
			isa = PBXFrameworksBuildPhase;
			buildActionMask = 2147483647;
			files = (
			);
			runOnlyForDeploymentPostprocessing = 0;
		};
/* End PBXFrameworksBuildPhase section */

/* Begin PBXGroup section */
		B5184F35241CFAA300C7931F /* SpaceX Launch */ = {
			isa = PBXGroup;
			children = (
				B5184F1D241CD21800C7931F /* SpaceXLaunch.swift */,
				B5184F2D241CE09900C7931F /* SpaceXLaunchTelemetry.swift */,
				B5184F2F241CE12500C7931F /* SpaceXLaunchSite.swift */,
				B5184F31241CE20200C7931F /* SpaceXLaunchLinks.swift */,
				B5184F33241CE45A00C7931F /* SpaceXLaunchTimeline.swift */,
			);
			path = "SpaceX Launch";
			sourceTree = "<group>";
		};
		B5184F36241CFACB00C7931F /* SpaceX Rocket */ = {
			isa = PBXGroup;
			children = (
				B5184F1F241CD6D600C7931F /* SpaceXRocket.swift */,
				B5184F21241CD7A200C7931F /* SpaceXRocketFirstStage.swift */,
				B5184F23241CD80500C7931F /* SpaceXRocketFirstStageCore.swift */,
				B5184F25241CDA1F00C7931F /* SpaceXRocketSecondStage.swift */,
				B5184F27241CDA9C00C7931F /* SpaceXRocketSecondStagePayload.swift */,
				B5184F29241CDC3100C7931F /* SpaceXRocketSecondStagePayloadOrbitParams.swift */,
				B5184F2B241CDF6000C7931F /* SpaceXRocketFairings.swift */,
			);
			path = "SpaceX Rocket";
			sourceTree = "<group>";
		};
		B5184F37241D345D00C7931F /* Networking */ = {
			isa = PBXGroup;
			children = (
				B5184F38241D347600C7931F /* Network manager */,
			);
			path = Networking;
			sourceTree = "<group>";
		};
		B5184F38241D347600C7931F /* Network manager */ = {
			isa = PBXGroup;
			children = (
				B5184F39241D348500C7931F /* NetworkManager.swift */,
				B5184F3B241D44A300C7931F /* SpaceXAPIManager.swift */,
			);
			path = "Network manager";
			sourceTree = "<group>";
		};
		B5184F3E241D4DD800C7931F /* API data */ = {
			isa = PBXGroup;
			children = (
				B5184F3F241D4DFC00C7931F /* SpaceXAPIData.swift */,
			);
			path = "API data";
			sourceTree = "<group>";
		};
		B5184F41241D7A3600C7931F /* UICollectionViewCells */ = {
			isa = PBXGroup;
			children = (
				B5184F42241D7A4200C7931F /* Launch preview */,
			);
			path = UICollectionViewCells;
			sourceTree = "<group>";
		};
		B5184F42241D7A4200C7931F /* Launch preview */ = {
			isa = PBXGroup;
			children = (
				B5184F43241D816C00C7931F /* LaunchPreviewCollectionViewCell.swift */,
			);
			path = "Launch preview";
			sourceTree = "<group>";
		};
		B5F9F788241C0F8C00CADA76 = {
			isa = PBXGroup;
			children = (
				B5F9F793241C0F8C00CADA76 /* SpaceXApp */,
				B5F9F792241C0F8C00CADA76 /* Products */,
			);
			sourceTree = "<group>";
		};
		B5F9F792241C0F8C00CADA76 /* Products */ = {
			isa = PBXGroup;
			children = (
				B5F9F791241C0F8C00CADA76 /* SpaceXApp.app */,
			);
			name = Products;
			sourceTree = "<group>";
		};
		B5F9F793241C0F8C00CADA76 /* SpaceXApp */ = {
			isa = PBXGroup;
			children = (
				B5184F37241D345D00C7931F /* Networking */,
				B5F9F7A8241C187D00CADA76 /* Model */,
				B5F9F7A9241C188900CADA76 /* View */,
				B5F9F7AA241C189300CADA76 /* Controller */,
				B5F9F794241C0F8C00CADA76 /* AppDelegate.swift */,
				B5F9F796241C0F8C00CADA76 /* SceneDelegate.swift */,
				B5F9F79D241C0F8F00CADA76 /* Assets.xcassets */,
				B5F9F79F241C0F8F00CADA76 /* LaunchScreen.storyboard */,
				B5F9F7A2241C0F8F00CADA76 /* Info.plist */,
			);
			path = SpaceXApp;
			sourceTree = "<group>";
		};
		B5F9F7A8241C187D00CADA76 /* Model */ = {
			isa = PBXGroup;
			children = (
				B5184F3E241D4DD800C7931F /* API data */,
				B5184F35241CFAA300C7931F /* SpaceX Launch */,
				B5184F36241CFACB00C7931F /* SpaceX Rocket */,
			);
			path = Model;
			sourceTree = "<group>";
		};
		B5F9F7A9241C188900CADA76 /* View */ = {
			isa = PBXGroup;
			children = (
				B5184F41241D7A3600C7931F /* UICollectionViewCells */,
			);
			path = View;
			sourceTree = "<group>";
		};
		B5F9F7AA241C189300CADA76 /* Controller */ = {
			isa = PBXGroup;
			children = (
				B5F9F7AC241C19FC00CADA76 /* Main */,
				B5F9F7AB241C18A600CADA76 /* LatestNews */,
			);
			path = Controller;
			sourceTree = "<group>";
		};
		B5F9F7AB241C18A600CADA76 /* LatestNews */ = {
			isa = PBXGroup;
			children = (
				B5F9F798241C0F8C00CADA76 /* LaunchesViewController.swift */,
				B5F9F79A241C0F8C00CADA76 /* LaunchesViewController.storyboard */,
			);
			path = LatestNews;
			sourceTree = "<group>";
		};
		B5F9F7AC241C19FC00CADA76 /* Main */ = {
			isa = PBXGroup;
			children = (
				B5F9F7AD241C1A1100CADA76 /* Main.storyboard */,
			);
			path = Main;
			sourceTree = "<group>";
		};
/* End PBXGroup section */

/* Begin PBXNativeTarget section */
		B5F9F790241C0F8C00CADA76 /* SpaceXApp */ = {
			isa = PBXNativeTarget;
			buildConfigurationList = B5F9F7A5241C0F8F00CADA76 /* Build configuration list for PBXNativeTarget "SpaceXApp" */;
			buildPhases = (
				B5F9F78D241C0F8C00CADA76 /* Sources */,
				B5F9F78E241C0F8C00CADA76 /* Frameworks */,
				B5F9F78F241C0F8C00CADA76 /* Resources */,
			);
			buildRules = (
			);
			dependencies = (
			);
			name = SpaceXApp;
			productName = SpaceXApp;
			productReference = B5F9F791241C0F8C00CADA76 /* SpaceXApp.app */;
			productType = "com.apple.product-type.application";
		};
/* End PBXNativeTarget section */

/* Begin PBXProject section */
		B5F9F789241C0F8C00CADA76 /* Project object */ = {
			isa = PBXProject;
			attributes = {
				LastSwiftUpdateCheck = 1130;
				LastUpgradeCheck = 1130;
				ORGANIZATIONNAME = "Konstantin Akchurin";
				TargetAttributes = {
					B5F9F790241C0F8C00CADA76 = {
						CreatedOnToolsVersion = 11.3.1;
					};
				};
			};
			buildConfigurationList = B5F9F78C241C0F8C00CADA76 /* Build configuration list for PBXProject "SpaceXApp" */;
			compatibilityVersion = "Xcode 9.3";
			developmentRegion = en;
			hasScannedForEncodings = 0;
			knownRegions = (
				en,
				Base,
			);
			mainGroup = B5F9F788241C0F8C00CADA76;
			productRefGroup = B5F9F792241C0F8C00CADA76 /* Products */;
			projectDirPath = "";
			projectRoot = "";
			targets = (
				B5F9F790241C0F8C00CADA76 /* SpaceXApp */,
			);
		};
/* End PBXProject section */

/* Begin PBXResourcesBuildPhase section */
		B5F9F78F241C0F8C00CADA76 /* Resources */ = {
			isa = PBXResourcesBuildPhase;
			buildActionMask = 2147483647;
			files = (
				B5F9F7A1241C0F8F00CADA76 /* LaunchScreen.storyboard in Resources */,
				B5F9F79E241C0F8F00CADA76 /* Assets.xcassets in Resources */,
				B5F9F79C241C0F8C00CADA76 /* LaunchesViewController.storyboard in Resources */,
				B5F9F7AE241C1A1100CADA76 /* Main.storyboard in Resources */,
			);
			runOnlyForDeploymentPostprocessing = 0;
		};
/* End PBXResourcesBuildPhase section */

/* Begin PBXSourcesBuildPhase section */
		B5F9F78D241C0F8C00CADA76 /* Sources */ = {
			isa = PBXSourcesBuildPhase;
			buildActionMask = 2147483647;
			files = (
				B5184F32241CE20200C7931F /* SpaceXLaunchLinks.swift in Sources */,
				B5184F2C241CDF6000C7931F /* SpaceXRocketFairings.swift in Sources */,
				B5184F40241D4DFC00C7931F /* SpaceXAPIData.swift in Sources */,
				B5184F1E241CD21800C7931F /* SpaceXLaunch.swift in Sources */,
				B5184F30241CE12500C7931F /* SpaceXLaunchSite.swift in Sources */,
				B5184F3C241D44A300C7931F /* SpaceXAPIManager.swift in Sources */,
				B5184F3A241D348500C7931F /* NetworkManager.swift in Sources */,
				B5184F44241D816C00C7931F /* LaunchPreviewCollectionViewCell.swift in Sources */,
				B5184F20241CD6D600C7931F /* SpaceXRocket.swift in Sources */,
				B5184F28241CDA9C00C7931F /* SpaceXRocketSecondStagePayload.swift in Sources */,
				B5F9F799241C0F8C00CADA76 /* LaunchesViewController.swift in Sources */,
				B5184F24241CD80500C7931F /* SpaceXRocketFirstStageCore.swift in Sources */,
				B5184F26241CDA1F00C7931F /* SpaceXRocketSecondStage.swift in Sources */,
				B5184F22241CD7A200C7931F /* SpaceXRocketFirstStage.swift in Sources */,
				B5184F34241CE45A00C7931F /* SpaceXLaunchTimeline.swift in Sources */,
				B5184F2E241CE09900C7931F /* SpaceXLaunchTelemetry.swift in Sources */,
				B5F9F795241C0F8C00CADA76 /* AppDelegate.swift in Sources */,
				B5184F2A241CDC3100C7931F /* SpaceXRocketSecondStagePayloadOrbitParams.swift in Sources */,
				B5F9F797241C0F8C00CADA76 /* SceneDelegate.swift in Sources */,
			);
			runOnlyForDeploymentPostprocessing = 0;
		};
/* End PBXSourcesBuildPhase section */

/* Begin PBXVariantGroup section */
		B5F9F79A241C0F8C00CADA76 /* LaunchesViewController.storyboard */ = {
			isa = PBXVariantGroup;
			children = (
				B5F9F79B241C0F8C00CADA76 /* Base */,
			);
			name = LaunchesViewController.storyboard;
			sourceTree = "<group>";
		};
		B5F9F79F241C0F8F00CADA76 /* LaunchScreen.storyboard */ = {
			isa = PBXVariantGroup;
			children = (
				B5F9F7A0241C0F8F00CADA76 /* Base */,
			);
			name = LaunchScreen.storyboard;
			sourceTree = "<group>";
		};
/* End PBXVariantGroup section */

/* Begin XCBuildConfiguration section */
		B5F9F7A3241C0F8F00CADA76 /* Debug */ = {
			isa = XCBuildConfiguration;
			buildSettings = {
				ALWAYS_SEARCH_USER_PATHS = NO;
				CLANG_ANALYZER_NONNULL = YES;
				CLANG_ANALYZER_NUMBER_OBJECT_CONVERSION = YES_AGGRESSIVE;
				CLANG_CXX_LANGUAGE_STANDARD = "gnu++14";
				CLANG_CXX_LIBRARY = "libc++";
				CLANG_ENABLE_MODULES = YES;
				CLANG_ENABLE_OBJC_ARC = YES;
				CLANG_ENABLE_OBJC_WEAK = YES;
				CLANG_WARN_BLOCK_CAPTURE_AUTORELEASING = YES;
				CLANG_WARN_BOOL_CONVERSION = YES;
				CLANG_WARN_COMMA = YES;
				CLANG_WARN_CONSTANT_CONVERSION = YES;
				CLANG_WARN_DEPRECATED_OBJC_IMPLEMENTATIONS = YES;
				CLANG_WARN_DIRECT_OBJC_ISA_USAGE = YES_ERROR;
				CLANG_WARN_DOCUMENTATION_COMMENTS = YES;
				CLANG_WARN_EMPTY_BODY = YES;
				CLANG_WARN_ENUM_CONVERSION = YES;
				CLANG_WARN_INFINITE_RECURSION = YES;
				CLANG_WARN_INT_CONVERSION = YES;
				CLANG_WARN_NON_LITERAL_NULL_CONVERSION = YES;
				CLANG_WARN_OBJC_IMPLICIT_RETAIN_SELF = YES;
				CLANG_WARN_OBJC_LITERAL_CONVERSION = YES;
				CLANG_WARN_OBJC_ROOT_CLASS = YES_ERROR;
				CLANG_WARN_RANGE_LOOP_ANALYSIS = YES;
				CLANG_WARN_STRICT_PROTOTYPES = YES;
				CLANG_WARN_SUSPICIOUS_MOVE = YES;
				CLANG_WARN_UNGUARDED_AVAILABILITY = YES_AGGRESSIVE;
				CLANG_WARN_UNREACHABLE_CODE = YES;
				CLANG_WARN__DUPLICATE_METHOD_MATCH = YES;
				COPY_PHASE_STRIP = NO;
				DEBUG_INFORMATION_FORMAT = dwarf;
				ENABLE_STRICT_OBJC_MSGSEND = YES;
				ENABLE_TESTABILITY = YES;
				GCC_C_LANGUAGE_STANDARD = gnu11;
				GCC_DYNAMIC_NO_PIC = NO;
				GCC_NO_COMMON_BLOCKS = YES;
				GCC_OPTIMIZATION_LEVEL = 0;
				GCC_PREPROCESSOR_DEFINITIONS = (
					"DEBUG=1",
					"$(inherited)",
				);
				GCC_WARN_64_TO_32_BIT_CONVERSION = YES;
				GCC_WARN_ABOUT_RETURN_TYPE = YES_ERROR;
				GCC_WARN_UNDECLARED_SELECTOR = YES;
				GCC_WARN_UNINITIALIZED_AUTOS = YES_AGGRESSIVE;
				GCC_WARN_UNUSED_FUNCTION = YES;
				GCC_WARN_UNUSED_VARIABLE = YES;
				IPHONEOS_DEPLOYMENT_TARGET = 13.0;
				MTL_ENABLE_DEBUG_INFO = INCLUDE_SOURCE;
				MTL_FAST_MATH = YES;
				ONLY_ACTIVE_ARCH = YES;
				SDKROOT = iphoneos;
				SWIFT_ACTIVE_COMPILATION_CONDITIONS = DEBUG;
				SWIFT_OPTIMIZATION_LEVEL = "-Onone";
			};
			name = Debug;
		};
		B5F9F7A4241C0F8F00CADA76 /* Release */ = {
			isa = XCBuildConfiguration;
			buildSettings = {
				ALWAYS_SEARCH_USER_PATHS = NO;
				CLANG_ANALYZER_NONNULL = YES;
				CLANG_ANALYZER_NUMBER_OBJECT_CONVERSION = YES_AGGRESSIVE;
				CLANG_CXX_LANGUAGE_STANDARD = "gnu++14";
				CLANG_CXX_LIBRARY = "libc++";
				CLANG_ENABLE_MODULES = YES;
				CLANG_ENABLE_OBJC_ARC = YES;
				CLANG_ENABLE_OBJC_WEAK = YES;
				CLANG_WARN_BLOCK_CAPTURE_AUTORELEASING = YES;
				CLANG_WARN_BOOL_CONVERSION = YES;
				CLANG_WARN_COMMA = YES;
				CLANG_WARN_CONSTANT_CONVERSION = YES;
				CLANG_WARN_DEPRECATED_OBJC_IMPLEMENTATIONS = YES;
				CLANG_WARN_DIRECT_OBJC_ISA_USAGE = YES_ERROR;
				CLANG_WARN_DOCUMENTATION_COMMENTS = YES;
				CLANG_WARN_EMPTY_BODY = YES;
				CLANG_WARN_ENUM_CONVERSION = YES;
				CLANG_WARN_INFINITE_RECURSION = YES;
				CLANG_WARN_INT_CONVERSION = YES;
				CLANG_WARN_NON_LITERAL_NULL_CONVERSION = YES;
				CLANG_WARN_OBJC_IMPLICIT_RETAIN_SELF = YES;
				CLANG_WARN_OBJC_LITERAL_CONVERSION = YES;
				CLANG_WARN_OBJC_ROOT_CLASS = YES_ERROR;
				CLANG_WARN_RANGE_LOOP_ANALYSIS = YES;
				CLANG_WARN_STRICT_PROTOTYPES = YES;
				CLANG_WARN_SUSPICIOUS_MOVE = YES;
				CLANG_WARN_UNGUARDED_AVAILABILITY = YES_AGGRESSIVE;
				CLANG_WARN_UNREACHABLE_CODE = YES;
				CLANG_WARN__DUPLICATE_METHOD_MATCH = YES;
				COPY_PHASE_STRIP = NO;
				DEBUG_INFORMATION_FORMAT = "dwarf-with-dsym";
				ENABLE_NS_ASSERTIONS = NO;
				ENABLE_STRICT_OBJC_MSGSEND = YES;
				GCC_C_LANGUAGE_STANDARD = gnu11;
				GCC_NO_COMMON_BLOCKS = YES;
				GCC_WARN_64_TO_32_BIT_CONVERSION = YES;
				GCC_WARN_ABOUT_RETURN_TYPE = YES_ERROR;
				GCC_WARN_UNDECLARED_SELECTOR = YES;
				GCC_WARN_UNINITIALIZED_AUTOS = YES_AGGRESSIVE;
				GCC_WARN_UNUSED_FUNCTION = YES;
				GCC_WARN_UNUSED_VARIABLE = YES;
				IPHONEOS_DEPLOYMENT_TARGET = 13.0;
				MTL_ENABLE_DEBUG_INFO = NO;
				MTL_FAST_MATH = YES;
				SDKROOT = iphoneos;
				SWIFT_COMPILATION_MODE = wholemodule;
				SWIFT_OPTIMIZATION_LEVEL = "-O";
				VALIDATE_PRODUCT = YES;
			};
			name = Release;
		};
		B5F9F7A6241C0F8F00CADA76 /* Debug */ = {
			isa = XCBuildConfiguration;
			buildSettings = {
				ASSETCATALOG_COMPILER_APPICON_NAME = AppIcon;
				CODE_SIGN_STYLE = Automatic;
				DEVELOPMENT_TEAM = 5J74H2E8F8;
				INFOPLIST_FILE = SpaceXApp/Info.plist;
				LD_RUNPATH_SEARCH_PATHS = (
					"$(inherited)",
					"@executable_path/Frameworks",
				);
				PRODUCT_BUNDLE_IDENTIFIER = "Konstantin-Akchurin.SpaceXApp";
				PRODUCT_NAME = "$(TARGET_NAME)";
				SWIFT_VERSION = 5.0;
				TARGETED_DEVICE_FAMILY = "1,2";
			};
			name = Debug;
		};
		B5F9F7A7241C0F8F00CADA76 /* Release */ = {
			isa = XCBuildConfiguration;
			buildSettings = {
				ASSETCATALOG_COMPILER_APPICON_NAME = AppIcon;
				CODE_SIGN_STYLE = Automatic;
				DEVELOPMENT_TEAM = 5J74H2E8F8;
				INFOPLIST_FILE = SpaceXApp/Info.plist;
				LD_RUNPATH_SEARCH_PATHS = (
					"$(inherited)",
					"@executable_path/Frameworks",
				);
				PRODUCT_BUNDLE_IDENTIFIER = "Konstantin-Akchurin.SpaceXApp";
				PRODUCT_NAME = "$(TARGET_NAME)";
				SWIFT_VERSION = 5.0;
				TARGETED_DEVICE_FAMILY = "1,2";
			};
			name = Release;
		};
/* End XCBuildConfiguration section */

/* Begin XCConfigurationList section */
		B5F9F78C241C0F8C00CADA76 /* Build configuration list for PBXProject "SpaceXApp" */ = {
			isa = XCConfigurationList;
			buildConfigurations = (
				B5F9F7A3241C0F8F00CADA76 /* Debug */,
				B5F9F7A4241C0F8F00CADA76 /* Release */,
			);
			defaultConfigurationIsVisible = 0;
			defaultConfigurationName = Release;
		};
		B5F9F7A5241C0F8F00CADA76 /* Build configuration list for PBXNativeTarget "SpaceXApp" */ = {
			isa = XCConfigurationList;
			buildConfigurations = (
				B5F9F7A6241C0F8F00CADA76 /* Debug */,
				B5F9F7A7241C0F8F00CADA76 /* Release */,
			);
			defaultConfigurationIsVisible = 0;
			defaultConfigurationName = Release;
		};
/* End XCConfigurationList section */
	};
	rootObject = B5F9F789241C0F8C00CADA76 /* Project object */;
}
